
Microsoft Visual Studio Solution File, Format Version 12.00
# Visual Studio Version 16
VisualStudioVersion = 16.0.31624.102
MinimumVisualStudioVersion = 10.0.40219.1
Project("{FAE04EC0-301F-11D3-BF4B-00C04F79EFBC}") = "EmployeePayroll", "EmployeePayroll\EmployeePayroll.csproj", "{C1F7C133-F05A-4737-A17D-A7CF68120FAC}"
EndProject
Global
	GlobalSection(SolutionConfigurationPlatforms) = preSolution
		Debug|Any CPU = Debug|Any CPU
		Release|Any CPU = Release|Any CPU
	EndGlobalSection
	GlobalSection(ProjectConfigurationPlatforms) = postSolution
		{C1F7C133-F05A-4737-A17D-A7CF68120FAC}.Debug|Any CPU.ActiveCfg = Debug|Any CPU
		{C1F7C133-F05A-4737-A17D-A7CF68120FAC}.Debug|Any CPU.Build.0 = Debug|Any CPU
		{C1F7C133-F05A-4737-A17D-A7CF68120FAC}.Release|Any CPU.ActiveCfg = Release|Any CPU
		{C1F7C133-F05A-4737-A17D-A7CF68120FAC}.Release|Any CPU.Build.0 = Release|Any CPU
	EndGlobalSection
	GlobalSection(SolutionProperties) = preSolution
		HideSolutionNode = FALSE
	EndGlobalSection
	GlobalSection(ExtensibilityGlobals) = postSolution
		SolutionGuid = {D1168359-84FE-4125-91C5-849CE2B634B5}
	EndGlobalSection
EndGlobal
